
Microsoft Visual Studio Solution File, Format Version 12.00
# Visual Studio Version 17
VisualStudioVersion = 17.4.33213.308
MinimumVisualStudioVersion = 10.0.40219.1
Project("{FAE04EC0-301F-11D3-BF4B-00C04F79EFBC}") = "ProjetoKeyloggerConsole", "ProjetoKeyloggerConsole\ProjetoKeyloggerConsole.csproj", "{FD44F798-EFF9-424F-81F8-FF1CF492BA1D}"
EndProject
Global
	GlobalSection(SolutionConfigurationPlatforms) = preSolution
		Debug|Any CPU = Debug|Any CPU
		Release|Any CPU = Release|Any CPU
	EndGlobalSection
	GlobalSection(ProjectConfigurationPlatforms) = postSolution
		{FD44F798-EFF9-424F-81F8-FF1CF492BA1D}.Debug|Any CPU.ActiveCfg = Debug|Any CPU
		{FD44F798-EFF9-424F-81F8-FF1CF492BA1D}.Debug|Any CPU.Build.0 = Debug|Any CPU
		{FD44F798-EFF9-424F-81F8-FF1CF492BA1D}.Release|Any CPU.ActiveCfg = Release|Any CPU
		{FD44F798-EFF9-424F-81F8-FF1CF492BA1D}.Release|Any CPU.Build.0 = Release|Any CPU
	EndGlobalSection
	GlobalSection(SolutionProperties) = preSolution
		HideSolutionNode = FALSE
	EndGlobalSection
	GlobalSection(ExtensibilityGlobals) = postSolution
		SolutionGuid = {D1C2303B-9594-4549-8BD6-398433019710}
	EndGlobalSection
EndGlobal
